
Microsoft Visual Studio Solution File, Format Version 12.00
Project("{FAE04EC0-301F-11D3-BF4B-00C04F79EFBC}") = "DiamondCDN.Bot", "DiamondCDN.Bot\DiamondCDN.Bot.csproj", "{B6E0FA2C-C52E-4C18-B471-AB677378B56F}"
EndProject
Project("{FAE04EC0-301F-11D3-BF4B-00C04F79EFBC}") = "DiamondCDN.Bot.Services", "DiamondCDN.Bot.Services\DiamondCDN.Bot.Services.csproj", "{7EA2A02C-54C6-4798-BACC-B67039E2EF6F}"
EndProject
Project("{FAE04EC0-301F-11D3-BF4B-00C04F79EFBC}") = "DiamondCDN.Bot.Commands", "DiamondCDN.Bot.Commands\DiamondCDN.Bot.Commands.csproj", "{082B36DD-252D-433E-B1C3-BF9E1157E62D}"
EndProject
Project("{FAE04EC0-301F-11D3-BF4B-00C04F79EFBC}") = "DiamondCDN.Bot.Common", "DiamondCDN.Bot.Common\DiamondCDN.Bot.Common.csproj", "{A7B6EEEB-4543-422B-84BA-7A336F21FE53}"
EndProject
Global
	GlobalSection(SolutionConfigurationPlatforms) = preSolution
		Debug|Any CPU = Debug|Any CPU
		Release|Any CPU = Release|Any CPU
	EndGlobalSection
	GlobalSection(ProjectConfigurationPlatforms) = postSolution
		{B6E0FA2C-C52E-4C18-B471-AB677378B56F}.Debug|Any CPU.ActiveCfg = Debug|Any CPU
		{B6E0FA2C-C52E-4C18-B471-AB677378B56F}.Debug|Any CPU.Build.0 = Debug|Any CPU
		{B6E0FA2C-C52E-4C18-B471-AB677378B56F}.Release|Any CPU.ActiveCfg = Release|Any CPU
		{B6E0FA2C-C52E-4C18-B471-AB677378B56F}.Release|Any CPU.Build.0 = Release|Any CPU
		{7EA2A02C-54C6-4798-BACC-B67039E2EF6F}.Debug|Any CPU.ActiveCfg = Debug|Any CPU
		{7EA2A02C-54C6-4798-BACC-B67039E2EF6F}.Debug|Any CPU.Build.0 = Debug|Any CPU
		{7EA2A02C-54C6-4798-BACC-B67039E2EF6F}.Release|Any CPU.ActiveCfg = Release|Any CPU
		{7EA2A02C-54C6-4798-BACC-B67039E2EF6F}.Release|Any CPU.Build.0 = Release|Any CPU
		{082B36DD-252D-433E-B1C3-BF9E1157E62D}.Debug|Any CPU.ActiveCfg = Debug|Any CPU
		{082B36DD-252D-433E-B1C3-BF9E1157E62D}.Debug|Any CPU.Build.0 = Debug|Any CPU
		{082B36DD-252D-433E-B1C3-BF9E1157E62D}.Release|Any CPU.ActiveCfg = Release|Any CPU
		{082B36DD-252D-433E-B1C3-BF9E1157E62D}.Release|Any CPU.Build.0 = Release|Any CPU
		{A7B6EEEB-4543-422B-84BA-7A336F21FE53}.Debug|Any CPU.ActiveCfg = Debug|Any CPU
		{A7B6EEEB-4543-422B-84BA-7A336F21FE53}.Debug|Any CPU.Build.0 = Debug|Any CPU
		{A7B6EEEB-4543-422B-84BA-7A336F21FE53}.Release|Any CPU.ActiveCfg = Release|Any CPU
		{A7B6EEEB-4543-422B-84BA-7A336F21FE53}.Release|Any CPU.Build.0 = Release|Any CPU
		{9C7D3092-FF82-433D-9818-1C59FDA02125}.Debug|Any CPU.ActiveCfg = Debug|Any CPU
		{9C7D3092-FF82-433D-9818-1C59FDA02125}.Debug|Any CPU.Build.0 = Debug|Any CPU
		{9C7D3092-FF82-433D-9818-1C59FDA02125}.Release|Any CPU.ActiveCfg = Release|Any CPU
		{9C7D3092-FF82-433D-9818-1C59FDA02125}.Release|Any CPU.Build.0 = Release|Any CPU
	EndGlobalSection
EndGlobal
